// !$*UTF8*$!
{
	archiveVersion = 1;
	classes = {
	};
	objectVersion = 77;
	objects = {

/* Begin PBXBuildFile section */
		161D4F25E3C595034CEE4D3A /* FirebaseFirestore in Frameworks */ = {isa = PBXBuildFile; productRef = 45C95C550C3CC2B63ACAC768 /* FirebaseFirestore */; };
		16CD17A3EBB12F24F820700D /* PostHog in Frameworks */ = {isa = PBXBuildFile; productRef = 7D46285C00EE50DEBC5E9129 /* PostHog */; };
		16EA495C2A889D003036CA95 /* GoogleSignIn in Frameworks */ = {isa = PBXBuildFile; productRef = 188E4B7AA7D5FEEFFF870518 /* GoogleSignIn */; };
		5AD9D1C64B9610CB9D26BFE1 /* FirebaseCore in Frameworks */ = {isa = PBXBuildFile; productRef = AF0297CE298E685F0779A3C6 /* FirebaseCore */; };
		702018E12E6FEF201B7BB950 /* FirebaseAuth in Frameworks */ = {isa = PBXBuildFile; productRef = BE023F3E41E46AB63B7FEB31 /* FirebaseAuth */; };
		BB000000000000000000000E /* RideActivityAttributes.swift in Sources */ = {isa = PBXBuildFile; fileRef = BB000000000000000000000D /* RideActivityAttributes.swift */; };
		BB000000000000000000000F /* TrackMeWidgets.appex in Embed App Extensions */ = {isa = PBXBuildFile; fileRef = BB0000000000000000000008 /* TrackMeWidgets.appex */; settings = {ATTRIBUTES = (RemoveHeadersOnCopy, ); }; };
		BB000000000000000000001B /* BrandColor.swift in Sources */ = {isa = PBXBuildFile; fileRef = BB000000000000000000001A /* BrandColor.swift */; };
		CC0000000000000000000002 /* FirebaseCrashlytics in Frameworks */ = {isa = PBXBuildFile; productRef = CC0000000000000000000003 /* FirebaseCrashlytics */; };
/* End PBXBuildFile section */

/* Begin PBXContainerItemProxy section */
		AA000000000000000000000B /* PBXContainerItemProxy */ = {
			isa = PBXContainerItemProxy;
			containerPortal = 811E276A2FE99C6000A907B9 /* Project object */;
			proxyType = 1;
			remoteGlobalIDString = 811E27712FE99C6000A907B9;
			remoteInfo = "track-me-ios";
		};
		BB000000000000000000000C /* PBXContainerItemProxy */ = {
			isa = PBXContainerItemProxy;
			containerPortal = 811E276A2FE99C6000A907B9 /* Project object */;
			proxyType = 1;
			remoteGlobalIDString = BB0000000000000000000001;
			remoteInfo = TrackMeWidgets;
		};
/* End PBXContainerItemProxy section */

/* Begin PBXCopyFilesBuildPhase section */
		BB0000000000000000000010 /* Embed App Extensions */ = {
			isa = PBXCopyFilesBuildPhase;
			buildActionMask = 2147483647;
			dstPath = "";
			dstSubfolderSpec = 13;
			files = (
				BB000000000000000000000F /* TrackMeWidgets.appex in Embed App Extensions */,
			);
			name = "Embed App Extensions";
			runOnlyForDeploymentPostprocessing = 0;
		};
/* End PBXCopyFilesBuildPhase section */

/* Begin PBXFileReference section */
		811E27722FE99C6000A907B9 /* track-me-ios.app */ = {isa = PBXFileReference; explicitFileType = wrapper.application; includeInIndex = 0; path = "track-me-ios.app"; sourceTree = BUILT_PRODUCTS_DIR; };
		AA0000000000000000000008 /* track-me-iosTests.xctest */ = {isa = PBXFileReference; explicitFileType = wrapper.cfbundle; includeInIndex = 0; path = "track-me-iosTests.xctest"; sourceTree = BUILT_PRODUCTS_DIR; };
		BB0000000000000000000008 /* TrackMeWidgets.appex */ = {isa = PBXFileReference; explicitFileType = "wrapper.app-extension"; includeInIndex = 0; path = TrackMeWidgets.appex; sourceTree = BUILT_PRODUCTS_DIR; };
		BB000000000000000000000D /* RideActivityAttributes.swift */ = {isa = PBXFileReference; lastKnownFileType = sourcecode.swift; name = RideActivityAttributes.swift; path = "track-me-ios/Models/RideActivityAttributes.swift"; sourceTree = SOURCE_ROOT; };
		BB000000000000000000001A /* BrandColor.swift */ = {isa = PBXFileReference; lastKnownFileType = sourcecode.swift; name = BrandColor.swift; path = "track-me-ios/Theme/BrandColor.swift"; sourceTree = SOURCE_ROOT; };
/* End PBXFileReference section */

/* Begin PBXFileSystemSynchronizedBuildFileExceptionSet section */
		811E277F2FE99C6200A907B9 /* Exceptions for "track-me-ios" folder in "track-me-ios" target */ = {
			isa = PBXFileSystemSynchronizedBuildFileExceptionSet;
			membershipExceptions = (
				Info.plist,
			);
			target = 811E27712FE99C6000A907B9 /* track-me-ios */;
		};
		BB000000000000000000000A /* Exceptions for "TrackMeWidgets" folder in "TrackMeWidgets" target */ = {
			isa = PBXFileSystemSynchronizedBuildFileExceptionSet;
			membershipExceptions = (
				Info.plist,
			);
			target = BB0000000000000000000001 /* TrackMeWidgets */;
		};
/* End PBXFileSystemSynchronizedBuildFileExceptionSet section */

/* Begin PBXFileSystemSynchronizedRootGroup section */
		811E27742FE99C6000A907B9 /* track-me-ios */ = {
			isa = PBXFileSystemSynchronizedRootGroup;
			exceptions = (
				811E277F2FE99C6200A907B9 /* Exceptions for "track-me-ios" folder in "track-me-ios" target */,
			);
			path = "track-me-ios";
			sourceTree = "<group>";
		};
		AA0000000000000000000009 /* track-me-iosTests */ = {
			isa = PBXFileSystemSynchronizedRootGroup;
			path = "track-me-iosTests";
			sourceTree = "<group>";
		};
		BB0000000000000000000009 /* TrackMeWidgets */ = {
			isa = PBXFileSystemSynchronizedRootGroup;
			exceptions = (
				BB000000000000000000000A /* Exceptions for "TrackMeWidgets" folder in "TrackMeWidgets" target */,
			);
			path = TrackMeWidgets;
			sourceTree = "<group>";
		};
/* End PBXFileSystemSynchronizedRootGroup section */

/* Begin PBXFrameworksBuildPhase section */
		811E276F2FE99C6000A907B9 /* Frameworks */ = {
			isa = PBXFrameworksBuildPhase;
			buildActionMask = 2147483647;
			files = (
				5AD9D1C64B9610CB9D26BFE1 /* FirebaseCore in Frameworks */,
				702018E12E6FEF201B7BB950 /* FirebaseAuth in Frameworks */,
				161D4F25E3C595034CEE4D3A /* FirebaseFirestore in Frameworks */,
				CC0000000000000000000002 /* FirebaseCrashlytics in Frameworks */,
				16EA495C2A889D003036CA95 /* GoogleSignIn in Frameworks */,
				16CD17A3EBB12F24F820700D /* PostHog in Frameworks */,
			);
			runOnlyForDeploymentPostprocessing = 0;
		};
		AA0000000000000000000006 /* Frameworks */ = {
			isa = PBXFrameworksBuildPhase;
			buildActionMask = 2147483647;
			files = (
			);
			runOnlyForDeploymentPostprocessing = 0;
		};
		BB0000000000000000000006 /* Frameworks */ = {
			isa = PBXFrameworksBuildPhase;
			buildActionMask = 2147483647;
			files = (
			);
			runOnlyForDeploymentPostprocessing = 0;
		};
/* End PBXFrameworksBuildPhase section */

/* Begin PBXGroup section */
		811E27692FE99C6000A907B9 = {
			isa = PBXGroup;
			children = (
				811E27742FE99C6000A907B9 /* track-me-ios */,
				BB0000000000000000000009 /* TrackMeWidgets */,
				BB000000000000000000000D /* RideActivityAttributes.swift */,
				BB000000000000000000001A /* BrandColor.swift */,
				811E27732FE99C6000A907B9 /* Products */,
				819EA41230127C81008BFA98 /* Recovered References */,
			);
			sourceTree = "<group>";
		};
		811E27732FE99C6000A907B9 /* Products */ = {
			isa = PBXGroup;
			children = (
				811E27722FE99C6000A907B9 /* track-me-ios.app */,
				AA0000000000000000000008 /* track-me-iosTests.xctest */,
				BB0000000000000000000008 /* TrackMeWidgets.appex */,
			);
			name = Products;
			sourceTree = "<group>";
		};
		819EA41230127C81008BFA98 /* Recovered References */ = {
			isa = PBXGroup;
			children = (
				AA0000000000000000000009 /* track-me-iosTests */,
			);
			name = "Recovered References";
			sourceTree = "<group>";
		};
/* End PBXGroup section */

/* Begin PBXNativeTarget section */
		811E27712FE99C6000A907B9 /* track-me-ios */ = {
			isa = PBXNativeTarget;
			buildConfigurationList = 811E27802FE99C6200A907B9 /* Build configuration list for PBXNativeTarget "track-me-ios" */;
			buildPhases = (
				811E276E2FE99C6000A907B9 /* Sources */,
				811E276F2FE99C6000A907B9 /* Frameworks */,
				811E27702FE99C6000A907B9 /* Resources */,
				BB0000000000000000000010 /* Embed App Extensions */,
				CC0000000000000000000004 /* Crashlytics - Upload dSYMs */,
			);
			buildRules = (
			);
			dependencies = (
				BB000000000000000000000B /* PBXTargetDependency */,
			);
			fileSystemSynchronizedGroups = (
				811E27742FE99C6000A907B9 /* track-me-ios */,
			);
			name = "track-me-ios";
			packageProductDependencies = (
				AF0297CE298E685F0779A3C6 /* FirebaseCore */,
				BE023F3E41E46AB63B7FEB31 /* FirebaseAuth */,
				45C95C550C3CC2B63ACAC768 /* FirebaseFirestore */,
				CC0000000000000000000003 /* FirebaseCrashlytics */,
				188E4B7AA7D5FEEFFF870518 /* GoogleSignIn */,
				7D46285C00EE50DEBC5E9129 /* PostHog */,
			);
			productName = "track-me-ios";
			productReference = 811E27722FE99C6000A907B9 /* track-me-ios.app */;
			productType = "com.apple.product-type.application";
		};
		AA0000000000000000000001 /* track-me-iosTests */ = {
			isa = PBXNativeTarget;
			buildConfigurationList = AA0000000000000000000002 /* Build configuration list for PBXNativeTarget "track-me-iosTests" */;
			buildPhases = (
				AA0000000000000000000005 /* Sources */,
				AA0000000000000000000006 /* Frameworks */,
				AA0000000000000000000007 /* Resources */,
			);
			buildRules = (
			);
			dependencies = (
				AA000000000000000000000A /* PBXTargetDependency */,
			);
			fileSystemSynchronizedGroups = (
				AA0000000000000000000009 /* track-me-iosTests */,
			);
			name = "track-me-iosTests";
			productName = "track-me-iosTests";
			productReference = AA0000000000000000000008 /* track-me-iosTests.xctest */;
			productType = "com.apple.product-type.bundle.unit-test";
		};
		BB0000000000000000000001 /* TrackMeWidgets */ = {
			isa = PBXNativeTarget;
			buildConfigurationList = BB0000000000000000000002 /* Build configuration list for PBXNativeTarget "TrackMeWidgets" */;
			buildPhases = (
				BB0000000000000000000005 /* Sources */,
				BB0000000000000000000006 /* Frameworks */,
				BB0000000000000000000007 /* Resources */,
			);
			buildRules = (
			);
			dependencies = (
			);
			fileSystemSynchronizedGroups = (
				BB0000000000000000000009 /* TrackMeWidgets */,
			);
			name = TrackMeWidgets;
			productName = TrackMeWidgets;
			productReference = BB0000000000000000000008 /* TrackMeWidgets.appex */;
			productType = "com.apple.product-type.app-extension";
		};
/* End PBXNativeTarget section */

/* Begin PBXProject section */
		811E276A2FE99C6000A907B9 /* Project object */ = {
			isa = PBXProject;
			attributes = {
				BuildIndependentTargetsInParallel = 1;
				LastSwiftUpdateCheck = 2630;
				LastUpgradeCheck = 2630;
				TargetAttributes = {
					811E27712FE99C6000A907B9 = {
						CreatedOnToolsVersion = 26.3;
					};
					AA0000000000000000000001 = {
						CreatedOnToolsVersion = 26.3;
						TestTargetID = 811E27712FE99C6000A907B9;
					};
					BB0000000000000000000001 = {
						CreatedOnToolsVersion = 26.3;
					};
				};
			};
			buildConfigurationList = 811E276D2FE99C6000A907B9 /* Build configuration list for PBXProject "track-me-ios" */;
			developmentRegion = en;
			hasScannedForEncodings = 0;
			knownRegions = (
				en,
				Base,
				es,
				fr,
				de,
				hi,
				ja,
				"zh-Hans",
			);
			mainGroup = 811E27692FE99C6000A907B9;
			minimizedProjectReferenceProxies = 1;
			packageReferences = (
				B5A0DAEEA01AC80476D73CDC /* XCRemoteSwiftPackageReference "firebase-ios-sdk" */,
				46B1914BBA75C5ECCB4532E2 /* XCRemoteSwiftPackageReference "GoogleSignIn-iOS" */,
				9AB9E201BBA7EEE3529FECE7 /* XCRemoteSwiftPackageReference "posthog-ios" */,
			);
			preferredProjectObjectVersion = 77;
			productRefGroup = 811E27732FE99C6000A907B9 /* Products */;
			projectDirPath = "";
			projectRoot = "";
			targets = (
				811E27712FE99C6000A907B9 /* track-me-ios */,
				AA0000000000000000000001 /* track-me-iosTests */,
				BB0000000000000000000001 /* TrackMeWidgets */,
			);
		};
/* End PBXProject section */

/* Begin PBXResourcesBuildPhase section */
		811E27702FE99C6000A907B9 /* Resources */ = {
			isa = PBXResourcesBuildPhase;
			buildActionMask = 2147483647;
			files = (
			);
			runOnlyForDeploymentPostprocessing = 0;
		};
		AA0000000000000000000007 /* Resources */ = {
			isa = PBXResourcesBuildPhase;
			buildActionMask = 2147483647;
			files = (
			);
			runOnlyForDeploymentPostprocessing = 0;
		};
		BB0000000000000000000007 /* Resources */ = {
			isa = PBXResourcesBuildPhase;
			buildActionMask = 2147483647;
			files = (
			);
			runOnlyForDeploymentPostprocessing = 0;
		};
/* End PBXResourcesBuildPhase section */

/* Begin PBXShellScriptBuildPhase section */
		CC0000000000000000000004 /* Crashlytics - Upload dSYMs */ = {
			isa = PBXShellScriptBuildPhase;
			alwaysOutOfDate = 1;
			buildActionMask = 2147483647;
			files = (
			);
			inputPaths = (
				"${DWARF_DSYM_FOLDER_PATH}/${DWARF_DSYM_FILE_NAME}",
				"${DWARF_DSYM_FOLDER_PATH}/${DWARF_DSYM_FILE_NAME}/Contents/Resources/DWARF/${PRODUCT_NAME}",
				"${DWARF_DSYM_FOLDER_PATH}/${DWARF_DSYM_FILE_NAME}/Contents/Info.plist",
				"$(TARGET_BUILD_DIR)/$(UNLOCALIZED_RESOURCES_FOLDER_PATH)/GoogleService-Info.plist",
			);
			name = "Crashlytics - Upload dSYMs";
			outputPaths = (
			);
			runOnlyForDeploymentPostprocessing = 0;
			shellPath = /bin/sh;
			shellScript = "if [ \"${CONFIGURATION}\" = \"Debug\" ]; then\n  exit 0\nfi\n\"${BUILD_DIR%/Build/*}/SourcePackages/checkouts/firebase-ios-sdk/Crashlytics/run\"\n";
		};
/* End PBXShellScriptBuildPhase section */

/* Begin PBXSourcesBuildPhase section */
		811E276E2FE99C6000A907B9 /* Sources */ = {
			isa = PBXSourcesBuildPhase;
			buildActionMask = 2147483647;
			files = (
			);
			runOnlyForDeploymentPostprocessing = 0;
		};
		AA0000000000000000000005 /* Sources */ = {
			isa = PBXSourcesBuildPhase;
			buildActionMask = 2147483647;
			files = (
			);
			runOnlyForDeploymentPostprocessing = 0;
		};
		BB0000000000000000000005 /* Sources */ = {
			isa = PBXSourcesBuildPhase;
			buildActionMask = 2147483647;
			files = (
				BB000000000000000000000E /* RideActivityAttributes.swift in Sources */,
				BB000000000000000000001B /* BrandColor.swift in Sources */,
			);
			runOnlyForDeploymentPostprocessing = 0;
		};
/* End PBXSourcesBuildPhase section */

/* Begin PBXTargetDependency section */
		AA000000000000000000000A /* PBXTargetDependency */ = {
			isa = PBXTargetDependency;
			target = 811E27712FE99C6000A907B9 /* track-me-ios */;
			targetProxy = AA000000000000000000000B /* PBXContainerItemProxy */;
		};
		BB000000000000000000000B /* PBXTargetDependency */ = {
			isa = PBXTargetDependency;
			target = BB0000000000000000000001 /* TrackMeWidgets */;
			targetProxy = BB000000000000000000000C /* PBXContainerItemProxy */;
		};
/* End PBXTargetDependency section */

/* Begin XCBuildConfiguration section */
		811E27812FE99C6200A907B9 /* Debug */ = {
			isa = XCBuildConfiguration;
			buildSettings = {
				ASSETCATALOG_COMPILER_APPICON_NAME = AppIcon;
				ASSETCATALOG_COMPILER_GLOBAL_ACCENT_COLOR_NAME = AccentColor;
				CODE_SIGN_ENTITLEMENTS = "track-me-ios/track_me_ios.entitlements";
				CODE_SIGN_STYLE = Automatic;
				CURRENT_PROJECT_VERSION = 7;
				DEVELOPMENT_TEAM = 5BS87KKKN8;
				ENABLE_PREVIEWS = YES;
				GENERATE_INFOPLIST_FILE = YES;
				INFOPLIST_FILE = "track-me-ios/Info.plist";
				INFOPLIST_KEY_NSLocationAlwaysAndWhenInUseUsageDescription = "TrackMe needs your location to track your rides in the background even when your phone is locked.";
				INFOPLIST_KEY_NSLocationWhenInUseUsageDescription = "TrackMe needs your location to track your rides and calculate your speed and distance.";
				INFOPLIST_KEY_NSMotionUsageDescription = "TrackMe uses motion data to tell when you've stopped moving so it doesn't add distance while you're standing still.";
				INFOPLIST_KEY_NSSupportsLiveActivities = YES;
				INFOPLIST_KEY_UIApplicationSceneManifest_Generation = YES;
				INFOPLIST_KEY_UIApplicationSupportsIndirectInputEvents = YES;
				INFOPLIST_KEY_UILaunchScreen_Generation = YES;
				INFOPLIST_KEY_UISupportedInterfaceOrientations_iPad = "UIInterfaceOrientationPortrait UIInterfaceOrientationPortraitUpsideDown UIInterfaceOrientationLandscapeLeft UIInterfaceOrientationLandscapeRight";
				INFOPLIST_KEY_UISupportedInterfaceOrientations_iPhone = "UIInterfaceOrientationPortrait UIInterfaceOrientationLandscapeLeft UIInterfaceOrientationLandscapeRight";
				LD_RUNPATH_SEARCH_PATHS = (
					"$(inherited)",
					"@executable_path/Frameworks",
				);
				MARKETING_VERSION = 1.8.6;
				OTHER_LDFLAGS = "-ObjC";
				PRODUCT_BUNDLE_IDENTIFIER = "in.shvms.track-me-ios";
				PRODUCT_NAME = "$(TARGET_NAME)";
				STRING_CATALOG_GENERATE_SYMBOLS = YES;
				SWIFT_APPROACHABLE_CONCURRENCY = YES;
				SWIFT_DEFAULT_ACTOR_ISOLATION = MainActor;
				SWIFT_EMIT_LOC_STRINGS = YES;
				SWIFT_UPCOMING_FEATURE_MEMBER_IMPORT_VISIBILITY = YES;
				SWIFT_VERSION = 5.0;
				TARGETED_DEVICE_FAMILY = "1,2";
			};
			name = Debug;
		};
		811E27822FE99C6200A907B9 /* Release */ = {
			isa = XCBuildConfiguration;
			buildSettings = {
				ASSETCATALOG_COMPILER_APPICON_NAME = AppIcon;
				ASSETCATALOG_COMPILER_GLOBAL_ACCENT_COLOR_NAME = AccentColor;
				CODE_SIGN_ENTITLEMENTS = "track-me-ios/track_me_ios.entitlements";
				CODE_SIGN_STYLE = Automatic;
				CURRENT_PROJECT_VERSION = 7;
				DEVELOPMENT_TEAM = 5BS87KKKN8;
				ENABLE_PREVIEWS = YES;
				GENERATE_INFOPLIST_FILE = YES;
				INFOPLIST_FILE = "track-me-ios/Info.plist";
				INFOPLIST_KEY_NSLocationAlwaysAndWhenInUseUsageDescription = "TrackMe needs your location to track your rides in the background even when your phone is locked.";
				INFOPLIST_KEY_NSLocationWhenInUseUsageDescription = "TrackMe needs your location to track your rides and calculate your speed and distance.";
				INFOPLIST_KEY_NSMotionUsageDescription = "TrackMe uses motion data to tell when you've stopped moving so it doesn't add distance while you're standing still.";
				INFOPLIST_KEY_NSSupportsLiveActivities = YES;
				INFOPLIST_KEY_UIApplicationSceneManifest_Generation = YES;
				INFOPLIST_KEY_UIApplicationSupportsIndirectInputEvents = YES;
				INFOPLIST_KEY_UILaunchScreen_Generation = YES;
				INFOPLIST_KEY_UISupportedInterfaceOrientations_iPad = "UIInterfaceOrientationPortrait UIInterfaceOrientationPortraitUpsideDown UIInterfaceOrientationLandscapeLeft UIInterfaceOrientationLandscapeRight";
				INFOPLIST_KEY_UISupportedInterfaceOrientations_iPhone = "UIInterfaceOrientationPortrait UIInterfaceOrientationLandscapeLeft UIInterfaceOrientationLandscapeRight";
				LD_RUNPATH_SEARCH_PATHS = (
					"$(inherited)",
					"@executable_path/Frameworks",
				);
				MARKETING_VERSION = 1.8.6;
				OTHER_LDFLAGS = "-ObjC";
				PRODUCT_BUNDLE_IDENTIFIER = "in.shvms.track-me-ios";
				PRODUCT_NAME = "$(TARGET_NAME)";
				STRING_CATALOG_GENERATE_SYMBOLS = YES;
				SWIFT_APPROACHABLE_CONCURRENCY = YES;
				SWIFT_DEFAULT_ACTOR_ISOLATION = MainActor;
				SWIFT_EMIT_LOC_STRINGS = YES;
				SWIFT_UPCOMING_FEATURE_MEMBER_IMPORT_VISIBILITY = YES;
				SWIFT_VERSION = 5.0;
				TARGETED_DEVICE_FAMILY = "1,2";
			};
			name = Release;
		};
		811E27832FE99C6200A907B9 /* Debug */ = {
			isa = XCBuildConfiguration;
			buildSettings = {
				ALWAYS_SEARCH_USER_PATHS = NO;
				ASSETCATALOG_COMPILER_GENERATE_SWIFT_ASSET_SYMBOL_EXTENSIONS = YES;
				CLANG_ANALYZER_NONNULL = YES;
				CLANG_ANALYZER_NUMBER_OBJECT_CONVERSION = YES_AGGRESSIVE;
				CLANG_CXX_LANGUAGE_STANDARD = "gnu++20";
				CLANG_ENABLE_MODULES = YES;
				CLANG_ENABLE_OBJC_ARC = YES;
				CLANG_ENABLE_OBJC_WEAK = YES;
				CLANG_WARN_BLOCK_CAPTURE_AUTORELEASING = YES;
				CLANG_WARN_BOOL_CONVERSION = YES;
				CLANG_WARN_COMMA = YES;
				CLANG_WARN_CONSTANT_CONVERSION = YES;
				CLANG_WARN_DEPRECATED_OBJC_IMPLEMENTATIONS = YES;
				CLANG_WARN_DIRECT_OBJC_ISA_USAGE = YES_ERROR;
				CLANG_WARN_DOCUMENTATION_COMMENTS = YES;
				CLANG_WARN_EMPTY_BODY = YES;
				CLANG_WARN_ENUM_CONVERSION = YES;
				CLANG_WARN_INFINITE_RECURSION = YES;
				CLANG_WARN_INT_CONVERSION = YES;
				CLANG_WARN_NON_LITERAL_NULL_CONVERSION = YES;
				CLANG_WARN_OBJC_IMPLICIT_RETAIN_SELF = YES;
				CLANG_WARN_OBJC_LITERAL_CONVERSION = YES;
				CLANG_WARN_OBJC_ROOT_CLASS = YES_ERROR;
				CLANG_WARN_QUOTED_INCLUDE_IN_FRAMEWORK_HEADER = YES;
				CLANG_WARN_RANGE_LOOP_ANALYSIS = YES;
				CLANG_WARN_STRICT_PROTOTYPES = YES;
				CLANG_WARN_SUSPICIOUS_MOVE = YES;
				CLANG_WARN_UNGUARDED_AVAILABILITY = YES_AGGRESSIVE;
				CLANG_WARN_UNREACHABLE_CODE = YES;
				CLANG_WARN__DUPLICATE_METHOD_MATCH = YES;
				COPY_PHASE_STRIP = NO;
				DEBUG_INFORMATION_FORMAT = dwarf;
				ENABLE_STRICT_OBJC_MSGSEND = YES;
				ENABLE_TESTABILITY = YES;
				ENABLE_USER_SCRIPT_SANDBOXING = YES;
				GCC_C_LANGUAGE_STANDARD = gnu17;
				GCC_DYNAMIC_NO_PIC = NO;
				GCC_NO_COMMON_BLOCKS = YES;
				GCC_OPTIMIZATION_LEVEL = 0;
				GCC_PREPROCESSOR_DEFINITIONS = (
					"DEBUG=1",
					"$(inherited)",
				);
				GCC_WARN_64_TO_32_BIT_CONVERSION = YES;
				GCC_WARN_ABOUT_RETURN_TYPE = YES_ERROR;
				GCC_WARN_UNDECLARED_SELECTOR = YES;
				GCC_WARN_UNINITIALIZED_AUTOS = YES_AGGRESSIVE;
				GCC_WARN_UNUSED_FUNCTION = YES;
				GCC_WARN_UNUSED_VARIABLE = YES;
				IPHONEOS_DEPLOYMENT_TARGET = 17.0;
				LOCALIZATION_PREFERS_STRING_CATALOGS = YES;
				MTL_ENABLE_DEBUG_INFO = INCLUDE_SOURCE;
				MTL_FAST_MATH = YES;
				ONLY_ACTIVE_ARCH = YES;
				SDKROOT = iphoneos;
				SWIFT_ACTIVE_COMPILATION_CONDITIONS = "DEBUG $(inherited)";
				SWIFT_OPTIMIZATION_LEVEL = "-Onone";
			};
			name = Debug;
		};
		811E27842FE99C6200A907B9 /* Release */ = {
			isa = XCBuildConfiguration;
			buildSettings = {
				ALWAYS_SEARCH_USER_PATHS = NO;
				ASSETCATALOG_COMPILER_GENERATE_SWIFT_ASSET_SYMBOL_EXTENSIONS = YES;
				CLANG_ANALYZER_NONNULL = YES;
				CLANG_ANALYZER_NUMBER_OBJECT_CONVERSION = YES_AGGRESSIVE;
				CLANG_CXX_LANGUAGE_STANDARD = "gnu++20";
				CLANG_ENABLE_MODULES = YES;
				CLANG_ENABLE_OBJC_ARC = YES;
				CLANG_ENABLE_OBJC_WEAK = YES;
				CLANG_WARN_BLOCK_CAPTURE_AUTORELEASING = YES;
				CLANG_WARN_BOOL_CONVERSION = YES;
				CLANG_WARN_COMMA = YES;
				CLANG_WARN_CONSTANT_CONVERSION = YES;
				CLANG_WARN_DEPRECATED_OBJC_IMPLEMENTATIONS = YES;
				CLANG_WARN_DIRECT_OBJC_ISA_USAGE = YES_ERROR;
				CLANG_WARN_DOCUMENTATION_COMMENTS = YES;
				CLANG_WARN_EMPTY_BODY = YES;
				CLANG_WARN_ENUM_CONVERSION = YES;
				CLANG_WARN_INFINITE_RECURSION = YES;
				CLANG_WARN_INT_CONVERSION = YES;
				CLANG_WARN_NON_LITERAL_NULL_CONVERSION = YES;
				CLANG_WARN_OBJC_IMPLICIT_RETAIN_SELF = YES;
				CLANG_WARN_OBJC_LITERAL_CONVERSION = YES;
				CLANG_WARN_OBJC_ROOT_CLASS = YES_ERROR;
				CLANG_WARN_QUOTED_INCLUDE_IN_FRAMEWORK_HEADER = YES;
				CLANG_WARN_RANGE_LOOP_ANALYSIS = YES;
				CLANG_WARN_STRICT_PROTOTYPES = YES;
				CLANG_WARN_SUSPICIOUS_MOVE = YES;
				CLANG_WARN_UNGUARDED_AVAILABILITY = YES_AGGRESSIVE;
				CLANG_WARN_UNREACHABLE_CODE = YES;
				CLANG_WARN__DUPLICATE_METHOD_MATCH = YES;
				COPY_PHASE_STRIP = NO;
				DEBUG_INFORMATION_FORMAT = "dwarf-with-dsym";
				ENABLE_NS_ASSERTIONS = NO;
				ENABLE_STRICT_OBJC_MSGSEND = YES;
				ENABLE_USER_SCRIPT_SANDBOXING = YES;
				GCC_C_LANGUAGE_STANDARD = gnu17;
				GCC_NO_COMMON_BLOCKS = YES;
				GCC_WARN_64_TO_32_BIT_CONVERSION = YES;
				GCC_WARN_ABOUT_RETURN_TYPE = YES_ERROR;
				GCC_WARN_UNDECLARED_SELECTOR = YES;
				GCC_WARN_UNINITIALIZED_AUTOS = YES_AGGRESSIVE;
				GCC_WARN_UNUSED_FUNCTION = YES;
				GCC_WARN_UNUSED_VARIABLE = YES;
				IPHONEOS_DEPLOYMENT_TARGET = 17.0;
				LOCALIZATION_PREFERS_STRING_CATALOGS = YES;
				MTL_ENABLE_DEBUG_INFO = NO;
				MTL_FAST_MATH = YES;
				SDKROOT = iphoneos;
				SWIFT_COMPILATION_MODE = wholemodule;
				VALIDATE_PRODUCT = YES;
			};
			name = Release;
		};
		AA0000000000000000000003 /* Debug */ = {
			isa = XCBuildConfiguration;
			buildSettings = {
				ALWAYS_EMBED_SWIFT_STANDARD_LIBRARIES = YES;
				BUNDLE_LOADER = "$(TEST_HOST)";
				CODE_SIGN_STYLE = Automatic;
				CURRENT_PROJECT_VERSION = 7;
				GENERATE_INFOPLIST_FILE = YES;
				IPHONEOS_DEPLOYMENT_TARGET = 17.0;
				MARKETING_VERSION = 1.8.6;
				PRODUCT_BUNDLE_IDENTIFIER = "in.shvms.track-me-iosTests";
				PRODUCT_NAME = "$(TARGET_NAME)";
				SWIFT_EMIT_LOC_STRINGS = NO;
				SWIFT_VERSION = 5.0;
				TARGETED_DEVICE_FAMILY = "1,2";
				TEST_HOST = "$(BUILT_PRODUCTS_DIR)/track-me-ios.app/track-me-ios";
			};
			name = Debug;
		};
		AA0000000000000000000004 /* Release */ = {
			isa = XCBuildConfiguration;
			buildSettings = {
				ALWAYS_EMBED_SWIFT_STANDARD_LIBRARIES = YES;
				BUNDLE_LOADER = "$(TEST_HOST)";
				CODE_SIGN_STYLE = Automatic;
				CURRENT_PROJECT_VERSION = 7;
				GENERATE_INFOPLIST_FILE = YES;
				IPHONEOS_DEPLOYMENT_TARGET = 17.0;
				MARKETING_VERSION = 1.8.6;
				PRODUCT_BUNDLE_IDENTIFIER = "in.shvms.track-me-iosTests";
				PRODUCT_NAME = "$(TARGET_NAME)";
				SWIFT_EMIT_LOC_STRINGS = NO;
				SWIFT_VERSION = 5.0;
				TARGETED_DEVICE_FAMILY = "1,2";
				TEST_HOST = "$(BUILT_PRODUCTS_DIR)/track-me-ios.app/track-me-ios";
			};
			name = Release;
		};
		BB0000000000000000000003 /* Debug */ = {
			isa = XCBuildConfiguration;
			buildSettings = {
				CODE_SIGN_STYLE = Automatic;
				CURRENT_PROJECT_VERSION = 7;
				DEVELOPMENT_TEAM = 5BS87KKKN8;
				GENERATE_INFOPLIST_FILE = NO;
				INFOPLIST_FILE = TrackMeWidgets/Info.plist;
				IPHONEOS_DEPLOYMENT_TARGET = 17.0;
				LD_RUNPATH_SEARCH_PATHS = (
					"$(inherited)",
					"@executable_path/Frameworks",
					"@executable_path/../../Frameworks",
				);
				MARKETING_VERSION = 1.8.6;
				PRODUCT_BUNDLE_IDENTIFIER = "in.shvms.track-me-ios.TrackMeWidgets";
				PRODUCT_NAME = "$(TARGET_NAME)";
				SKIP_INSTALL = YES;
				SWIFT_EMIT_LOC_STRINGS = YES;
				SWIFT_VERSION = 5.0;
				TARGETED_DEVICE_FAMILY = "1,2";
			};
			name = Debug;
		};
		BB0000000000000000000004 /* Release */ = {
			isa = XCBuildConfiguration;
			buildSettings = {
				CODE_SIGN_STYLE = Automatic;
				CURRENT_PROJECT_VERSION = 7;
				DEVELOPMENT_TEAM = 5BS87KKKN8;
				GENERATE_INFOPLIST_FILE = NO;
				INFOPLIST_FILE = TrackMeWidgets/Info.plist;
				IPHONEOS_DEPLOYMENT_TARGET = 17.0;
				LD_RUNPATH_SEARCH_PATHS = (
					"$(inherited)",
					"@executable_path/Frameworks",
					"@executable_path/../../Frameworks",
				);
				MARKETING_VERSION = 1.8.6;
				PRODUCT_BUNDLE_IDENTIFIER = "in.shvms.track-me-ios.TrackMeWidgets";
				PRODUCT_NAME = "$(TARGET_NAME)";
				SKIP_INSTALL = YES;
				SWIFT_EMIT_LOC_STRINGS = YES;
				SWIFT_VERSION = 5.0;
				TARGETED_DEVICE_FAMILY = "1,2";
			};
			name = Release;
		};
/* End XCBuildConfiguration section */

/* Begin XCConfigurationList section */
		811E276D2FE99C6000A907B9 /* Build configuration list for PBXProject "track-me-ios" */ = {
			isa = XCConfigurationList;
			buildConfigurations = (
				811E27832FE99C6200A907B9 /* Debug */,
				811E27842FE99C6200A907B9 /* Release */,
			);
			defaultConfigurationIsVisible = 0;
			defaultConfigurationName = Release;
		};
		811E27802FE99C6200A907B9 /* Build configuration list for PBXNativeTarget "track-me-ios" */ = {
			isa = XCConfigurationList;
			buildConfigurations = (
				811E27812FE99C6200A907B9 /* Debug */,
				811E27822FE99C6200A907B9 /* Release */,
			);
			defaultConfigurationIsVisible = 0;
			defaultConfigurationName = Release;
		};
		AA0000000000000000000002 /* Build configuration list for PBXNativeTarget "track-me-iosTests" */ = {
			isa = XCConfigurationList;
			buildConfigurations = (
				AA0000000000000000000003 /* Debug */,
				AA0000000000000000000004 /* Release */,
			);
			defaultConfigurationIsVisible = 0;
			defaultConfigurationName = Release;
		};
		BB0000000000000000000002 /* Build configuration list for PBXNativeTarget "TrackMeWidgets" */ = {
			isa = XCConfigurationList;
			buildConfigurations = (
				BB0000000000000000000003 /* Debug */,
				BB0000000000000000000004 /* Release */,
			);
			defaultConfigurationIsVisible = 0;
			defaultConfigurationName = Release;
		};
/* End XCConfigurationList section */

/* Begin XCRemoteSwiftPackageReference section */
		46B1914BBA75C5ECCB4532E2 /* XCRemoteSwiftPackageReference "GoogleSignIn-iOS" */ = {
			isa = XCRemoteSwiftPackageReference;
			repositoryURL = "https://github.com/google/GoogleSignIn-iOS";
			requirement = {
				kind = upToNextMajorVersion;
				minimumVersion = 7.1.0;
			};
		};
		9AB9E201BBA7EEE3529FECE7 /* XCRemoteSwiftPackageReference "posthog-ios" */ = {
			isa = XCRemoteSwiftPackageReference;
			repositoryURL = "https://github.com/PostHog/posthog-ios";
			requirement = {
				kind = upToNextMajorVersion;
				minimumVersion = 3.0.0;
			};
		};
		B5A0DAEEA01AC80476D73CDC /* XCRemoteSwiftPackageReference "firebase-ios-sdk" */ = {
			isa = XCRemoteSwiftPackageReference;
			repositoryURL = "https://github.com/firebase/firebase-ios-sdk";
			requirement = {
				kind = upToNextMajorVersion;
				minimumVersion = 11.0.0;
			};
		};
/* End XCRemoteSwiftPackageReference section */

/* Begin XCSwiftPackageProductDependency section */
		188E4B7AA7D5FEEFFF870518 /* GoogleSignIn */ = {
			isa = XCSwiftPackageProductDependency;
			package = 46B1914BBA75C5ECCB4532E2 /* XCRemoteSwiftPackageReference "GoogleSignIn-iOS" */;
			productName = GoogleSignIn;
		};
		45C95C550C3CC2B63ACAC768 /* FirebaseFirestore */ = {
			isa = XCSwiftPackageProductDependency;
			package = B5A0DAEEA01AC80476D73CDC /* XCRemoteSwiftPackageReference "firebase-ios-sdk" */;
			productName = FirebaseFirestore;
		};
		7D46285C00EE50DEBC5E9129 /* PostHog */ = {
			isa = XCSwiftPackageProductDependency;
			package = 9AB9E201BBA7EEE3529FECE7 /* XCRemoteSwiftPackageReference "posthog-ios" */;
			productName = PostHog;
		};
		AF0297CE298E685F0779A3C6 /* FirebaseCore */ = {
			isa = XCSwiftPackageProductDependency;
			package = B5A0DAEEA01AC80476D73CDC /* XCRemoteSwiftPackageReference "firebase-ios-sdk" */;
			productName = FirebaseCore;
		};
		BE023F3E41E46AB63B7FEB31 /* FirebaseAuth */ = {
			isa = XCSwiftPackageProductDependency;
			package = B5A0DAEEA01AC80476D73CDC /* XCRemoteSwiftPackageReference "firebase-ios-sdk" */;
			productName = FirebaseAuth;
		};
		CC0000000000000000000003 /* FirebaseCrashlytics */ = {
			isa = XCSwiftPackageProductDependency;
			package = B5A0DAEEA01AC80476D73CDC /* XCRemoteSwiftPackageReference "firebase-ios-sdk" */;
			productName = FirebaseCrashlytics;
		};
/* End XCSwiftPackageProductDependency section */
	};
	rootObject = 811E276A2FE99C6000A907B9 /* Project object */;
}
